{
  "pins" : [
    {
      "identity" : "facebook-ios-sdk",
      "kind" : "remoteSourceControl",
      "location" : "https://github.com/facebook/facebook-ios-sdk",
      "state" : {
        "revision" : "5ed7a05695b2830fcfd97b62225272fad2f61043",
        "version" : "16.1.3"
      }
    }
  ],
  "version" : 2
}
